// !$*UTF8*$!
{
	archiveVersion = 1;
	classes = {
	};
	objectVersion = 50;
	objects = {

/* Begin PBXBuildFile section */
		D2A40B162261CC3500E4D58C /* AppDelegate.swift in Sources */ = {isa = PBXBuildFile; fileRef = D2A40B152261CC3500E4D58C /* AppDelegate.swift */; };
		D2A40B182261CC3500E4D58C /* ViewController.swift in Sources */ = {isa = PBXBuildFile; fileRef = D2A40B172261CC3500E4D58C /* ViewController.swift */; };
		D2A40B1B2261CC3500E4D58C /* Main.storyboard in Resources */ = {isa = PBXBuildFile; fileRef = D2A40B192261CC3500E4D58C /* Main.storyboard */; };
		D2A40B1E2261CC3500E4D58C /* Scribe.xcdatamodeld in Sources */ = {isa = PBXBuildFile; fileRef = D2A40B1C2261CC3500E4D58C /* Scribe.xcdatamodeld */; };
		D2A40B202261CC3600E4D58C /* Assets.xcassets in Resources */ = {isa = PBXBuildFile; fileRef = D2A40B1F2261CC3600E4D58C /* Assets.xcassets */; };
		D2A40B232261CC3600E4D58C /* LaunchScreen.storyboard in Resources */ = {isa = PBXBuildFile; fileRef = D2A40B212261CC3600E4D58C /* LaunchScreen.storyboard */; };
		D2A40B2E2261CF9A00E4D58C /* CircleButton.swift in Sources */ = {isa = PBXBuildFile; fileRef = D2A40B2D2261CF9A00E4D58C /* CircleButton.swift */; };
		D2A40B302261D56200E4D58C /* test.m4a in Resources */ = {isa = PBXBuildFile; fileRef = D2A40B2F2261D56200E4D58C /* test.m4a */; };
/* End PBXBuildFile section */

/* Begin PBXFileReference section */
		D2A40B122261CC3500E4D58C /* Scribe.app */ = {isa = PBXFileReference; explicitFileType = wrapper.application; includeInIndex = 0; path = Scribe.app; sourceTree = BUILT_PRODUCTS_DIR; };
		D2A40B152261CC3500E4D58C /* AppDelegate.swift */ = {isa = PBXFileReference; lastKnownFileType = sourcecode.swift; path = AppDelegate.swift; sourceTree = "<group>"; };
		D2A40B172261CC3500E4D58C /* ViewController.swift */ = {isa = PBXFileReference; lastKnownFileType = sourcecode.swift; path = ViewController.swift; sourceTree = "<group>"; };
		D2A40B1A2261CC3500E4D58C /* Base */ = {isa = PBXFileReference; lastKnownFileType = file.storyboard; name = Base; path = Base.lproj/Main.storyboard; sourceTree = "<group>"; };
		D2A40B1D2261CC3500E4D58C /* Scribe.xcdatamodel */ = {isa = PBXFileReference; lastKnownFileType = wrapper.xcdatamodel; path = Scribe.xcdatamodel; sourceTree = "<group>"; };
		D2A40B1F2261CC3600E4D58C /* Assets.xcassets */ = {isa = PBXFileReference; lastKnownFileType = folder.assetcatalog; path = Assets.xcassets; sourceTree = "<group>"; };
		D2A40B222261CC3600E4D58C /* Base */ = {isa = PBXFileReference; lastKnownFileType = file.storyboard; name = Base; path = Base.lproj/LaunchScreen.storyboard; sourceTree = "<group>"; };
		D2A40B242261CC3600E4D58C /* Info.plist */ = {isa = PBXFileReference; lastKnownFileType = text.plist.xml; path = Info.plist; sourceTree = "<group>"; };
		D2A40B2D2261CF9A00E4D58C /* CircleButton.swift */ = {isa = PBXFileReference; lastKnownFileType = sourcecode.swift; path = CircleButton.swift; sourceTree = "<group>"; };
		D2A40B2F2261D56200E4D58C /* test.m4a */ = {isa = PBXFileReference; lastKnownFileType = file; path = test.m4a; sourceTree = "<group>"; };
/* End PBXFileReference section */

/* Begin PBXFrameworksBuildPhase section */
		D2A40B0F2261CC3500E4D58C /* Frameworks */ = {
			isa = PBXFrameworksBuildPhase;
			buildActionMask = 2147483647;
			files = (
			);
			runOnlyForDeploymentPostprocessing = 0;
		};
/* End PBXFrameworksBuildPhase section */

/* Begin PBXGroup section */
		D2A40B092261CC3500E4D58C = {
			isa = PBXGroup;
			children = (
				D2A40B142261CC3500E4D58C /* Scribe */,
				D2A40B132261CC3500E4D58C /* Products */,
			);
			sourceTree = "<group>";
		};
		D2A40B132261CC3500E4D58C /* Products */ = {
			isa = PBXGroup;
			children = (
				D2A40B122261CC3500E4D58C /* Scribe.app */,
			);
			name = Products;
			sourceTree = "<group>";
		};
		D2A40B142261CC3500E4D58C /* Scribe */ = {
			isa = PBXGroup;
			children = (
				D2A40B2F2261D56200E4D58C /* test.m4a */,
				D2A40B2C2261CF7300E4D58C /* Model */,
				D2A40B2B2261CF6D00E4D58C /* Controller */,
				D2A40B2A2261CF6500E4D58C /* View */,
				D2A40B152261CC3500E4D58C /* AppDelegate.swift */,
				D2A40B192261CC3500E4D58C /* Main.storyboard */,
				D2A40B1F2261CC3600E4D58C /* Assets.xcassets */,
				D2A40B212261CC3600E4D58C /* LaunchScreen.storyboard */,
				D2A40B242261CC3600E4D58C /* Info.plist */,
				D2A40B1C2261CC3500E4D58C /* Scribe.xcdatamodeld */,
			);
			path = Scribe;
			sourceTree = "<group>";
		};
		D2A40B2A2261CF6500E4D58C /* View */ = {
			isa = PBXGroup;
			children = (
				D2A40B2D2261CF9A00E4D58C /* CircleButton.swift */,
			);
			path = View;
			sourceTree = "<group>";
		};
		D2A40B2B2261CF6D00E4D58C /* Controller */ = {
			isa = PBXGroup;
			children = (
				D2A40B172261CC3500E4D58C /* ViewController.swift */,
			);
			path = Controller;
			sourceTree = "<group>";
		};
		D2A40B2C2261CF7300E4D58C /* Model */ = {
			isa = PBXGroup;
			children = (
			);
			path = Model;
			sourceTree = "<group>";
		};
/* End PBXGroup section */

/* Begin PBXNativeTarget section */
		D2A40B112261CC3500E4D58C /* Scribe */ = {
			isa = PBXNativeTarget;
			buildConfigurationList = D2A40B272261CC3600E4D58C /* Build configuration list for PBXNativeTarget "Scribe" */;
			buildPhases = (
				D2A40B0E2261CC3500E4D58C /* Sources */,
				D2A40B0F2261CC3500E4D58C /* Frameworks */,
				D2A40B102261CC3500E4D58C /* Resources */,
			);
			buildRules = (
			);
			dependencies = (
			);
			name = Scribe;
			productName = Scribe;
			productReference = D2A40B122261CC3500E4D58C /* Scribe.app */;
			productType = "com.apple.product-type.application";
		};
/* End PBXNativeTarget section */

/* Begin PBXProject section */
		D2A40B0A2261CC3500E4D58C /* Project object */ = {
			isa = PBXProject;
			attributes = {
				LastSwiftUpdateCheck = 1020;
				LastUpgradeCheck = 1020;
				ORGANIZATIONNAME = iPpanther;
				TargetAttributes = {
					D2A40B112261CC3500E4D58C = {
						CreatedOnToolsVersion = 10.2;
					};
				};
			};
			buildConfigurationList = D2A40B0D2261CC3500E4D58C /* Build configuration list for PBXProject "Scribe" */;
			compatibilityVersion = "Xcode 9.3";
			developmentRegion = en;
			hasScannedForEncodings = 0;
			knownRegions = (
				en,
				Base,
			);
			mainGroup = D2A40B092261CC3500E4D58C;
			productRefGroup = D2A40B132261CC3500E4D58C /* Products */;
			projectDirPath = "";
			projectRoot = "";
			targets = (
				D2A40B112261CC3500E4D58C /* Scribe */,
			);
		};
/* End PBXProject section */

/* Begin PBXResourcesBuildPhase section */
		D2A40B102261CC3500E4D58C /* Resources */ = {
			isa = PBXResourcesBuildPhase;
			buildActionMask = 2147483647;
			files = (
				D2A40B302261D56200E4D58C /* test.m4a in Resources */,
				D2A40B232261CC3600E4D58C /* LaunchScreen.storyboard in Resources */,
				D2A40B202261CC3600E4D58C /* Assets.xcassets in Resources */,
				D2A40B1B2261CC3500E4D58C /* Main.storyboard in Resources */,
			);
			runOnlyForDeploymentPostprocessing = 0;
		};
/* End PBXResourcesBuildPhase section */

/* Begin PBXSourcesBuildPhase section */
		D2A40B0E2261CC3500E4D58C /* Sources */ = {
			isa = PBXSourcesBuildPhase;
			buildActionMask = 2147483647;
			files = (
				D2A40B2E2261CF9A00E4D58C /* CircleButton.swift in Sources */,
				D2A40B182261CC3500E4D58C /* ViewController.swift in Sources */,
				D2A40B162261CC3500E4D58C /* AppDelegate.swift in Sources */,
				D2A40B1E2261CC3500E4D58C /* Scribe.xcdatamodeld in Sources */,
			);
			runOnlyForDeploymentPostprocessing = 0;
		};
/* End PBXSourcesBuildPhase section */

/* Begin PBXVariantGroup section */
		D2A40B192261CC3500E4D58C /* Main.storyboard */ = {
			isa = PBXVariantGroup;
			children = (
				D2A40B1A2261CC3500E4D58C /* Base */,
			);
			name = Main.storyboard;
			sourceTree = "<group>";
		};
		D2A40B212261CC3600E4D58C /* LaunchScreen.storyboard */ = {
			isa = PBXVariantGroup;
			children = (
				D2A40B222261CC3600E4D58C /* Base */,
			);
			name = LaunchScreen.storyboard;
			sourceTree = "<group>";
		};
/* End PBXVariantGroup section */

/* Begin XCBuildConfiguration section */
		D2A40B252261CC3600E4D58C /* Debug */ = {
			isa = XCBuildConfiguration;
			buildSettings = {
				ALWAYS_SEARCH_USER_PATHS = NO;
				CLANG_ANALYZER_NONNULL = YES;
				CLANG_ANALYZER_NUMBER_OBJECT_CONVERSION = YES_AGGRESSIVE;
				CLANG_CXX_LANGUAGE_STANDARD = "gnu++14";
				CLANG_CXX_LIBRARY = "libc++";
				CLANG_ENABLE_MODULES = YES;
				CLANG_ENABLE_OBJC_ARC = YES;
				CLANG_ENABLE_OBJC_WEAK = YES;
				CLANG_WARN_BLOCK_CAPTURE_AUTORELEASING = YES;
				CLANG_WARN_BOOL_CONVERSION = YES;
				CLANG_WARN_COMMA = YES;
				CLANG_WARN_CONSTANT_CONVERSION = YES;
				CLANG_WARN_DEPRECATED_OBJC_IMPLEMENTATIONS = YES;
				CLANG_WARN_DIRECT_OBJC_ISA_USAGE = YES_ERROR;
				CLANG_WARN_DOCUMENTATION_COMMENTS = YES;
				CLANG_WARN_EMPTY_BODY = YES;
				CLANG_WARN_ENUM_CONVERSION = YES;
				CLANG_WARN_INFINITE_RECURSION = YES;
				CLANG_WARN_INT_CONVERSION = YES;
				CLANG_WARN_NON_LITERAL_NULL_CONVERSION = YES;
				CLANG_WARN_OBJC_IMPLICIT_RETAIN_SELF = YES;
				CLANG_WARN_OBJC_LITERAL_CONVERSION = YES;
				CLANG_WARN_OBJC_ROOT_CLASS = YES_ERROR;
				CLANG_WARN_RANGE_LOOP_ANALYSIS = YES;
				CLANG_WARN_STRICT_PROTOTYPES = YES;
				CLANG_WARN_SUSPICIOUS_MOVE = YES;
				CLANG_WARN_UNGUARDED_AVAILABILITY = YES_AGGRESSIVE;
				CLANG_WARN_UNREACHABLE_CODE = YES;
				CLANG_WARN__DUPLICATE_METHOD_MATCH = YES;
				CODE_SIGN_IDENTITY = "iPhone Developer";
				COPY_PHASE_STRIP = NO;
				DEBUG_INFORMATION_FORMAT = dwarf;
				ENABLE_STRICT_OBJC_MSGSEND = YES;
				ENABLE_TESTABILITY = YES;
				GCC_C_LANGUAGE_STANDARD = gnu11;
				GCC_DYNAMIC_NO_PIC = NO;
				GCC_NO_COMMON_BLOCKS = YES;
				GCC_OPTIMIZATION_LEVEL = 0;
				GCC_PREPROCESSOR_DEFINITIONS = (
					"DEBUG=1",
					"$(inherited)",
				);
				GCC_WARN_64_TO_32_BIT_CONVERSION = YES;
				GCC_WARN_ABOUT_RETURN_TYPE = YES_ERROR;
				GCC_WARN_UNDECLARED_SELECTOR = YES;
				GCC_WARN_UNINITIALIZED_AUTOS = YES_AGGRESSIVE;
				GCC_WARN_UNUSED_FUNCTION = YES;
				GCC_WARN_UNUSED_VARIABLE = YES;
				IPHONEOS_DEPLOYMENT_TARGET = 12.2;
				MTL_ENABLE_DEBUG_INFO = INCLUDE_SOURCE;
				MTL_FAST_MATH = YES;
				ONLY_ACTIVE_ARCH = YES;
				SDKROOT = iphoneos;
				SWIFT_ACTIVE_COMPILATION_CONDITIONS = DEBUG;
				SWIFT_OPTIMIZATION_LEVEL = "-Onone";
			};
			name = Debug;
		};
		D2A40B262261CC3600E4D58C /* Release */ = {
			isa = XCBuildConfiguration;
			buildSettings = {
				ALWAYS_SEARCH_USER_PATHS = NO;
				CLANG_ANALYZER_NONNULL = YES;
				CLANG_ANALYZER_NUMBER_OBJECT_CONVERSION = YES_AGGRESSIVE;
				CLANG_CXX_LANGUAGE_STANDARD = "gnu++14";
				CLANG_CXX_LIBRARY = "libc++";
				CLANG_ENABLE_MODULES = YES;
				CLANG_ENABLE_OBJC_ARC = YES;
				CLANG_ENABLE_OBJC_WEAK = YES;
				CLANG_WARN_BLOCK_CAPTURE_AUTORELEASING = YES;
				CLANG_WARN_BOOL_CONVERSION = YES;
				CLANG_WARN_COMMA = YES;
				CLANG_WARN_CONSTANT_CONVERSION = YES;
				CLANG_WARN_DEPRECATED_OBJC_IMPLEMENTATIONS = YES;
				CLANG_WARN_DIRECT_OBJC_ISA_USAGE = YES_ERROR;
				CLANG_WARN_DOCUMENTATION_COMMENTS = YES;
				CLANG_WARN_EMPTY_BODY = YES;
				CLANG_WARN_ENUM_CONVERSION = YES;
				CLANG_WARN_INFINITE_RECURSION = YES;
				CLANG_WARN_INT_CONVERSION = YES;
				CLANG_WARN_NON_LITERAL_NULL_CONVERSION = YES;
				CLANG_WARN_OBJC_IMPLICIT_RETAIN_SELF = YES;
				CLANG_WARN_OBJC_LITERAL_CONVERSION = YES;
				CLANG_WARN_OBJC_ROOT_CLASS = YES_ERROR;
				CLANG_WARN_RANGE_LOOP_ANALYSIS = YES;
				CLANG_WARN_STRICT_PROTOTYPES = YES;
				CLANG_WARN_SUSPICIOUS_MOVE = YES;
				CLANG_WARN_UNGUARDED_AVAILABILITY = YES_AGGRESSIVE;
				CLANG_WARN_UNREACHABLE_CODE = YES;
				CLANG_WARN__DUPLICATE_METHOD_MATCH = YES;
				CODE_SIGN_IDENTITY = "iPhone Developer";
				COPY_PHASE_STRIP = NO;
				DEBUG_INFORMATION_FORMAT = "dwarf-with-dsym";
				ENABLE_NS_ASSERTIONS = NO;
				ENABLE_STRICT_OBJC_MSGSEND = YES;
				GCC_C_LANGUAGE_STANDARD = gnu11;
				GCC_NO_COMMON_BLOCKS = YES;
				GCC_WARN_64_TO_32_BIT_CONVERSION = YES;
				GCC_WARN_ABOUT_RETURN_TYPE = YES_ERROR;
				GCC_WARN_UNDECLARED_SELECTOR = YES;
				GCC_WARN_UNINITIALIZED_AUTOS = YES_AGGRESSIVE;
				GCC_WARN_UNUSED_FUNCTION = YES;
				GCC_WARN_UNUSED_VARIABLE = YES;
				IPHONEOS_DEPLOYMENT_TARGET = 12.2;
				MTL_ENABLE_DEBUG_INFO = NO;
				MTL_FAST_MATH = YES;
				SDKROOT = iphoneos;
				SWIFT_COMPILATION_MODE = wholemodule;
				SWIFT_OPTIMIZATION_LEVEL = "-O";
				VALIDATE_PRODUCT = YES;
			};
			name = Release;
		};
		D2A40B282261CC3600E4D58C /* Debug */ = {
			isa = XCBuildConfiguration;
			buildSettings = {
				ASSETCATALOG_COMPILER_APPICON_NAME = AppIcon;
				CODE_SIGN_STYLE = Automatic;
				DEVELOPMENT_TEAM = A67AN3D4SK;
				INFOPLIST_FILE = Scribe/Info.plist;
				LD_RUNPATH_SEARCH_PATHS = (
					"$(inherited)",
					"@executable_path/Frameworks",
				);
				PRODUCT_BUNDLE_IDENTIFIER = iP.Scribe;
				PRODUCT_NAME = "$(TARGET_NAME)";
				SWIFT_VERSION = 5.0;
				TARGETED_DEVICE_FAMILY = "1,2";
			};
			name = Debug;
		};
		D2A40B292261CC3600E4D58C /* Release */ = {
			isa = XCBuildConfiguration;
			buildSettings = {
				ASSETCATALOG_COMPILER_APPICON_NAME = AppIcon;
				CODE_SIGN_STYLE = Automatic;
				DEVELOPMENT_TEAM = A67AN3D4SK;
				INFOPLIST_FILE = Scribe/Info.plist;
				LD_RUNPATH_SEARCH_PATHS = (
					"$(inherited)",
					"@executable_path/Frameworks",
				);
				PRODUCT_BUNDLE_IDENTIFIER = iP.Scribe;
				PRODUCT_NAME = "$(TARGET_NAME)";
				SWIFT_VERSION = 5.0;
				TARGETED_DEVICE_FAMILY = "1,2";
			};
			name = Release;
		};
/* End XCBuildConfiguration section */

/* Begin XCConfigurationList section */
		D2A40B0D2261CC3500E4D58C /* Build configuration list for PBXProject "Scribe" */ = {
			isa = XCConfigurationList;
			buildConfigurations = (
				D2A40B252261CC3600E4D58C /* Debug */,
				D2A40B262261CC3600E4D58C /* Release */,
			);
			defaultConfigurationIsVisible = 0;
			defaultConfigurationName = Release;
		};
		D2A40B272261CC3600E4D58C /* Build configuration list for PBXNativeTarget "Scribe" */ = {
			isa = XCConfigurationList;
			buildConfigurations = (
				D2A40B282261CC3600E4D58C /* Debug */,
				D2A40B292261CC3600E4D58C /* Release */,
			);
			defaultConfigurationIsVisible = 0;
			defaultConfigurationName = Release;
		};
/* End XCConfigurationList section */

/* Begin XCVersionGroup section */
		D2A40B1C2261CC3500E4D58C /* Scribe.xcdatamodeld */ = {
			isa = XCVersionGroup;
			children = (
				D2A40B1D2261CC3500E4D58C /* Scribe.xcdatamodel */,
			);
			currentVersion = D2A40B1D2261CC3500E4D58C /* Scribe.xcdatamodel */;
			path = Scribe.xcdatamodeld;
			sourceTree = "<group>";
			versionGroupType = wrapper.xcdatamodel;
		};
/* End XCVersionGroup section */
	};
	rootObject = D2A40B0A2261CC3500E4D58C /* Project object */;
}
